PODS:
  - DocereeAdsSdk (1.1.0)

DEPENDENCIES:
  - DocereeAdsSdk (~> 1.1.0)

SPEC REPOS:
  https://github.com/doceree/DocereePodSpecs.git:
    - DocereeAdsSdk

SPEC CHECKSUMS:
  DocereeAdsSdk: 333914bb3a0d005c5b97fdf7985de8d4030b292c

PODFILE CHECKSUM: 143e32437d378e715b70595016f976cc56185eda

COCOAPODS: 1.11.3
