// !$*UTF8*$!
{
	archiveVersion = 1;
	classes = {
	};
	objectVersion = 55;
	objects = {

/* Begin PBXBuildFile section */
		207A0716E2F5CE4B80D46C28 /* Pods_SampleApp_SampleAppUITests.framework in Frameworks */ = {isa = PBXBuildFile; fileRef = 7DEC04A3935FD136D256F922 /* Pods_SampleApp_SampleAppUITests.framework */; };
		542D086C28E570A500509AB8 /* CollectionViewCell.swift in Sources */ = {isa = PBXBuildFile; fileRef = 542D086928E570A500509AB8 /* CollectionViewCell.swift */; };
		542D086D28E570A500509AB8 /* CollectionViewViewController.swift in Sources */ = {isa = PBXBuildFile; fileRef = 542D086A28E570A500509AB8 /* CollectionViewViewController.swift */; };
		542D086E28E570A500509AB8 /* ScrollViewController.swift in Sources */ = {isa = PBXBuildFile; fileRef = 542D086B28E570A500509AB8 /* ScrollViewController.swift */; };
		546204532828F99500AFF113 /* AdsViewController.swift in Sources */ = {isa = PBXBuildFile; fileRef = 546204522828F99500AFF113 /* AdsViewController.swift */; };
		54C714DE280EA443000E53E0 /* AppDelegate.swift in Sources */ = {isa = PBXBuildFile; fileRef = 54C714DD280EA443000E53E0 /* AppDelegate.swift */; };
		54C714E0280EA443000E53E0 /* SceneDelegate.swift in Sources */ = {isa = PBXBuildFile; fileRef = 54C714DF280EA443000E53E0 /* SceneDelegate.swift */; };
		54C714E2280EA443000E53E0 /* ViewController.swift in Sources */ = {isa = PBXBuildFile; fileRef = 54C714E1280EA443000E53E0 /* ViewController.swift */; };
		54C714E5280EA443000E53E0 /* Main.storyboard in Resources */ = {isa = PBXBuildFile; fileRef = 54C714E3280EA443000E53E0 /* Main.storyboard */; };
		54C714E7280EA443000E53E0 /* Assets.xcassets in Resources */ = {isa = PBXBuildFile; fileRef = 54C714E6280EA443000E53E0 /* Assets.xcassets */; };
		54C714EA280EA443000E53E0 /* LaunchScreen.storyboard in Resources */ = {isa = PBXBuildFile; fileRef = 54C714E8280EA443000E53E0 /* LaunchScreen.storyboard */; };
		54C714F5280EA443000E53E0 /* TestAppTests.swift in Sources */ = {isa = PBXBuildFile; fileRef = 54C714F4280EA443000E53E0 /* TestAppTests.swift */; };
		54C714FF280EA443000E53E0 /* TestAppUITests.swift in Sources */ = {isa = PBXBuildFile; fileRef = 54C714FE280EA443000E53E0 /* TestAppUITests.swift */; };
		54C71501280EA443000E53E0 /* TestAppUITestsLaunchTests.swift in Sources */ = {isa = PBXBuildFile; fileRef = 54C71500280EA443000E53E0 /* TestAppUITestsLaunchTests.swift */; };
		54EBB0312834C28200C7B249 /* TableViewViewController.swift in Sources */ = {isa = PBXBuildFile; fileRef = 54EBB02E2834C28200C7B249 /* TableViewViewController.swift */; };
		54EBB0322834C28200C7B249 /* MultipleAdsVC.swift in Sources */ = {isa = PBXBuildFile; fileRef = 54EBB02F2834C28200C7B249 /* MultipleAdsVC.swift */; };
		54EBB0332834C28200C7B249 /* ThirtyDayCell.swift in Sources */ = {isa = PBXBuildFile; fileRef = 54EBB0302834C28200C7B249 /* ThirtyDayCell.swift */; };
		E62E9F584CDA5F06C39E62F6 /* Pods_SampleAppTests.framework in Frameworks */ = {isa = PBXBuildFile; fileRef = 032DEA52781461209C3876A5 /* Pods_SampleAppTests.framework */; };
		F1EB4A886D3F4EB9CC03F31C /* Pods_SampleApp.framework in Frameworks */ = {isa = PBXBuildFile; fileRef = 8EAE27254A0840A2081E799E /* Pods_SampleApp.framework */; };
/* End PBXBuildFile section */

/* Begin PBXContainerItemProxy section */
		54C714F1280EA443000E53E0 /* PBXContainerItemProxy */ = {
			isa = PBXContainerItemProxy;
			containerPortal = 54C714D2280EA443000E53E0 /* Project object */;
			proxyType = 1;
			remoteGlobalIDString = 54C714D9280EA443000E53E0;
			remoteInfo = TestApp;
		};
		54C714FB280EA443000E53E0 /* PBXContainerItemProxy */ = {
			isa = PBXContainerItemProxy;
			containerPortal = 54C714D2280EA443000E53E0 /* Project object */;
			proxyType = 1;
			remoteGlobalIDString = 54C714D9280EA443000E53E0;
			remoteInfo = TestApp;
		};
/* End PBXContainerItemProxy section */

/* Begin PBXFileReference section */
		032DEA52781461209C3876A5 /* Pods_SampleAppTests.framework */ = {isa = PBXFileReference; explicitFileType = wrapper.framework; includeInIndex = 0; path = Pods_SampleAppTests.framework; sourceTree = BUILT_PRODUCTS_DIR; };
		0E8F1C87B3CB9C66E84AE847 /* Pods-SampleApp-SampleAppUITests.release.xcconfig */ = {isa = PBXFileReference; includeInIndex = 1; lastKnownFileType = text.xcconfig; name = "Pods-SampleApp-SampleAppUITests.release.xcconfig"; path = "Target Support Files/Pods-SampleApp-SampleAppUITests/Pods-SampleApp-SampleAppUITests.release.xcconfig"; sourceTree = "<group>"; };
		178CCCC303F34A5C7A6B8281 /* Pods-TestAppTests.release.xcconfig */ = {isa = PBXFileReference; includeInIndex = 1; lastKnownFileType = text.xcconfig; name = "Pods-TestAppTests.release.xcconfig"; path = "Target Support Files/Pods-TestAppTests/Pods-TestAppTests.release.xcconfig"; sourceTree = "<group>"; };
		2762F7D7DD5C742ECAFD29CA /* Pods-SampleApp.release.xcconfig */ = {isa = PBXFileReference; includeInIndex = 1; lastKnownFileType = text.xcconfig; name = "Pods-SampleApp.release.xcconfig"; path = "Target Support Files/Pods-SampleApp/Pods-SampleApp.release.xcconfig"; sourceTree = "<group>"; };
		4BF8B02011B89F29CEAD8A33 /* Pods-SampleApp.debug.xcconfig */ = {isa = PBXFileReference; includeInIndex = 1; lastKnownFileType = text.xcconfig; name = "Pods-SampleApp.debug.xcconfig"; path = "Target Support Files/Pods-SampleApp/Pods-SampleApp.debug.xcconfig"; sourceTree = "<group>"; };
		542D086928E570A500509AB8 /* CollectionViewCell.swift */ = {isa = PBXFileReference; fileEncoding = 4; lastKnownFileType = sourcecode.swift; path = CollectionViewCell.swift; sourceTree = "<group>"; };
		542D086A28E570A500509AB8 /* CollectionViewViewController.swift */ = {isa = PBXFileReference; fileEncoding = 4; lastKnownFileType = sourcecode.swift; path = CollectionViewViewController.swift; sourceTree = "<group>"; };
		542D086B28E570A500509AB8 /* ScrollViewController.swift */ = {isa = PBXFileReference; fileEncoding = 4; lastKnownFileType = sourcecode.swift; path = ScrollViewController.swift; sourceTree = "<group>"; };
		546204522828F99500AFF113 /* AdsViewController.swift */ = {isa = PBXFileReference; fileEncoding = 4; lastKnownFileType = sourcecode.swift; path = AdsViewController.swift; sourceTree = "<group>"; };
		54C714DA280EA443000E53E0 /* SampleApp.app */ = {isa = PBXFileReference; explicitFileType = wrapper.application; includeInIndex = 0; path = SampleApp.app; sourceTree = BUILT_PRODUCTS_DIR; };
		54C714DD280EA443000E53E0 /* AppDelegate.swift */ = {isa = PBXFileReference; lastKnownFileType = sourcecode.swift; path = AppDelegate.swift; sourceTree = "<group>"; };
		54C714DF280EA443000E53E0 /* SceneDelegate.swift */ = {isa = PBXFileReference; lastKnownFileType = sourcecode.swift; path = SceneDelegate.swift; sourceTree = "<group>"; };
		54C714E1280EA443000E53E0 /* ViewController.swift */ = {isa = PBXFileReference; lastKnownFileType = sourcecode.swift; path = ViewController.swift; sourceTree = "<group>"; };
		54C714E4280EA443000E53E0 /* Base */ = {isa = PBXFileReference; lastKnownFileType = file.storyboard; name = Base; path = Base.lproj/Main.storyboard; sourceTree = "<group>"; };
		54C714E6280EA443000E53E0 /* Assets.xcassets */ = {isa = PBXFileReference; lastKnownFileType = folder.assetcatalog; path = Assets.xcassets; sourceTree = "<group>"; };
		54C714E9280EA443000E53E0 /* Base */ = {isa = PBXFileReference; lastKnownFileType = file.storyboard; name = Base; path = Base.lproj/LaunchScreen.storyboard; sourceTree = "<group>"; };
		54C714EB280EA443000E53E0 /* Info.plist */ = {isa = PBXFileReference; lastKnownFileType = text.plist.xml; path = Info.plist; sourceTree = "<group>"; };
		54C714F0280EA443000E53E0 /* SampleAppTests.xctest */ = {isa = PBXFileReference; explicitFileType = wrapper.cfbundle; includeInIndex = 0; path = SampleAppTests.xctest; sourceTree = BUILT_PRODUCTS_DIR; };
		54C714F4280EA443000E53E0 /* TestAppTests.swift */ = {isa = PBXFileReference; lastKnownFileType = sourcecode.swift; path = TestAppTests.swift; sourceTree = "<group>"; };
		54C714FA280EA443000E53E0 /* SampleAppUITests.xctest */ = {isa = PBXFileReference; explicitFileType = wrapper.cfbundle; includeInIndex = 0; path = SampleAppUITests.xctest; sourceTree = BUILT_PRODUCTS_DIR; };
		54C714FE280EA443000E53E0 /* TestAppUITests.swift */ = {isa = PBXFileReference; lastKnownFileType = sourcecode.swift; path = TestAppUITests.swift; sourceTree = "<group>"; };
		54C71500280EA443000E53E0 /* TestAppUITestsLaunchTests.swift */ = {isa = PBXFileReference; lastKnownFileType = sourcecode.swift; path = TestAppUITestsLaunchTests.swift; sourceTree = "<group>"; };
		54EBB02E2834C28200C7B249 /* TableViewViewController.swift */ = {isa = PBXFileReference; fileEncoding = 4; lastKnownFileType = sourcecode.swift; path = TableViewViewController.swift; sourceTree = "<group>"; };
		54EBB02F2834C28200C7B249 /* MultipleAdsVC.swift */ = {isa = PBXFileReference; fileEncoding = 4; lastKnownFileType = sourcecode.swift; path = MultipleAdsVC.swift; sourceTree = "<group>"; };
		54EBB0302834C28200C7B249 /* ThirtyDayCell.swift */ = {isa = PBXFileReference; fileEncoding = 4; lastKnownFileType = sourcecode.swift; path = ThirtyDayCell.swift; sourceTree = "<group>"; };
		568F16A3BF90FDFF2B86EEBB /* Pods-TestApp-TestAppUITests.debug.xcconfig */ = {isa = PBXFileReference; includeInIndex = 1; lastKnownFileType = text.xcconfig; name = "Pods-TestApp-TestAppUITests.debug.xcconfig"; path = "Target Support Files/Pods-TestApp-TestAppUITests/Pods-TestApp-TestAppUITests.debug.xcconfig"; sourceTree = "<group>"; };
		75A2B538D3AC236EE6FA4810 /* Pods-TestApp.release.xcconfig */ = {isa = PBXFileReference; includeInIndex = 1; lastKnownFileType = text.xcconfig; name = "Pods-TestApp.release.xcconfig"; path = "Target Support Files/Pods-TestApp/Pods-TestApp.release.xcconfig"; sourceTree = "<group>"; };
		7DEC04A3935FD136D256F922 /* Pods_SampleApp_SampleAppUITests.framework */ = {isa = PBXFileReference; explicitFileType = wrapper.framework; includeInIndex = 0; path = Pods_SampleApp_SampleAppUITests.framework; sourceTree = BUILT_PRODUCTS_DIR; };
		8EAE27254A0840A2081E799E /* Pods_SampleApp.framework */ = {isa = PBXFileReference; explicitFileType = wrapper.framework; includeInIndex = 0; path = Pods_SampleApp.framework; sourceTree = BUILT_PRODUCTS_DIR; };
		BDB7D1DB4D593801D6CB15DD /* Pods-SampleApp-SampleAppUITests.debug.xcconfig */ = {isa = PBXFileReference; includeInIndex = 1; lastKnownFileType = text.xcconfig; name = "Pods-SampleApp-SampleAppUITests.debug.xcconfig"; path = "Target Support Files/Pods-SampleApp-SampleAppUITests/Pods-SampleApp-SampleAppUITests.debug.xcconfig"; sourceTree = "<group>"; };
		C1F18E60D1BD627128B8B310 /* Pods-TestApp-TestAppUITests.release.xcconfig */ = {isa = PBXFileReference; includeInIndex = 1; lastKnownFileType = text.xcconfig; name = "Pods-TestApp-TestAppUITests.release.xcconfig"; path = "Target Support Files/Pods-TestApp-TestAppUITests/Pods-TestApp-TestAppUITests.release.xcconfig"; sourceTree = "<group>"; };
		C64D55422BD480BD7732D893 /* Pods-SampleAppTests.release.xcconfig */ = {isa = PBXFileReference; includeInIndex = 1; lastKnownFileType = text.xcconfig; name = "Pods-SampleAppTests.release.xcconfig"; path = "Target Support Files/Pods-SampleAppTests/Pods-SampleAppTests.release.xcconfig"; sourceTree = "<group>"; };
		DBC57AD30D6F07A0B6C61B65 /* Pods-SampleAppTests.debug.xcconfig */ = {isa = PBXFileReference; includeInIndex = 1; lastKnownFileType = text.xcconfig; name = "Pods-SampleAppTests.debug.xcconfig"; path = "Target Support Files/Pods-SampleAppTests/Pods-SampleAppTests.debug.xcconfig"; sourceTree = "<group>"; };
		DEBB0947424BF104CDAA87C2 /* Pods-TestAppTests.debug.xcconfig */ = {isa = PBXFileReference; includeInIndex = 1; lastKnownFileType = text.xcconfig; name = "Pods-TestAppTests.debug.xcconfig"; path = "Target Support Files/Pods-TestAppTests/Pods-TestAppTests.debug.xcconfig"; sourceTree = "<group>"; };
		F58BCDE115B8C1563BD3A6AA /* Pods-TestApp.debug.xcconfig */ = {isa = PBXFileReference; includeInIndex = 1; lastKnownFileType = text.xcconfig; name = "Pods-TestApp.debug.xcconfig"; path = "Target Support Files/Pods-TestApp/Pods-TestApp.debug.xcconfig"; sourceTree = "<group>"; };
/* End PBXFileReference section */

/* Begin PBXFrameworksBuildPhase section */
		54C714D7280EA443000E53E0 /* Frameworks */ = {
			isa = PBXFrameworksBuildPhase;
			buildActionMask = 2147483647;
			files = (
				F1EB4A886D3F4EB9CC03F31C /* Pods_SampleApp.framework in Frameworks */,
			);
			runOnlyForDeploymentPostprocessing = 0;
		};
		54C714ED280EA443000E53E0 /* Frameworks */ = {
			isa = PBXFrameworksBuildPhase;
			buildActionMask = 2147483647;
			files = (
				E62E9F584CDA5F06C39E62F6 /* Pods_SampleAppTests.framework in Frameworks */,
			);
			runOnlyForDeploymentPostprocessing = 0;
		};
		54C714F7280EA443000E53E0 /* Frameworks */ = {
			isa = PBXFrameworksBuildPhase;
			buildActionMask = 2147483647;
			files = (
				207A0716E2F5CE4B80D46C28 /* Pods_SampleApp_SampleAppUITests.framework in Frameworks */,
			);
			runOnlyForDeploymentPostprocessing = 0;
		};
/* End PBXFrameworksBuildPhase section */

/* Begin PBXGroup section */
		54C714D1280EA443000E53E0 = {
			isa = PBXGroup;
			children = (
				54C714DC280EA443000E53E0 /* SampleApp */,
				54C714F3280EA443000E53E0 /* SampleAppTests */,
				54C714FD280EA443000E53E0 /* SampleAppUITests */,
				54C714DB280EA443000E53E0 /* Products */,
				A96E310096934302CC63C4BE /* Pods */,
				6884ECD0B1368D8F4EB8F1FE /* Frameworks */,
			);
			sourceTree = "<group>";
		};
		54C714DB280EA443000E53E0 /* Products */ = {
			isa = PBXGroup;
			children = (
				54C714DA280EA443000E53E0 /* SampleApp.app */,
				54C714F0280EA443000E53E0 /* SampleAppTests.xctest */,
				54C714FA280EA443000E53E0 /* SampleAppUITests.xctest */,
			);
			name = Products;
			sourceTree = "<group>";
		};
		54C714DC280EA443000E53E0 /* SampleApp */ = {
			isa = PBXGroup;
			children = (
				54C714DD280EA443000E53E0 /* AppDelegate.swift */,
				54C714DF280EA443000E53E0 /* SceneDelegate.swift */,
				54C714E1280EA443000E53E0 /* ViewController.swift */,
				546204522828F99500AFF113 /* AdsViewController.swift */,
				54EBB02F2834C28200C7B249 /* MultipleAdsVC.swift */,
				54EBB02E2834C28200C7B249 /* TableViewViewController.swift */,
				54EBB0302834C28200C7B249 /* ThirtyDayCell.swift */,
				542D086B28E570A500509AB8 /* ScrollViewController.swift */,
				542D086A28E570A500509AB8 /* CollectionViewViewController.swift */,
				542D086928E570A500509AB8 /* CollectionViewCell.swift */,
				54C714E3280EA443000E53E0 /* Main.storyboard */,
				54C714E6280EA443000E53E0 /* Assets.xcassets */,
				54C714E8280EA443000E53E0 /* LaunchScreen.storyboard */,
				54C714EB280EA443000E53E0 /* Info.plist */,
			);
			path = SampleApp;
			sourceTree = "<group>";
		};
		54C714F3280EA443000E53E0 /* SampleAppTests */ = {
			isa = PBXGroup;
			children = (
				54C714F4280EA443000E53E0 /* TestAppTests.swift */,
			);
			path = SampleAppTests;
			sourceTree = "<group>";
		};
		54C714FD280EA443000E53E0 /* SampleAppUITests */ = {
			isa = PBXGroup;
			children = (
				54C714FE280EA443000E53E0 /* TestAppUITests.swift */,
				54C71500280EA443000E53E0 /* TestAppUITestsLaunchTests.swift */,
			);
			path = SampleAppUITests;
			sourceTree = "<group>";
		};
		6884ECD0B1368D8F4EB8F1FE /* Frameworks */ = {
			isa = PBXGroup;
			children = (
				8EAE27254A0840A2081E799E /* Pods_SampleApp.framework */,
				7DEC04A3935FD136D256F922 /* Pods_SampleApp_SampleAppUITests.framework */,
				032DEA52781461209C3876A5 /* Pods_SampleAppTests.framework */,
			);
			name = Frameworks;
			sourceTree = "<group>";
		};
		A96E310096934302CC63C4BE /* Pods */ = {
			isa = PBXGroup;
			children = (
				F58BCDE115B8C1563BD3A6AA /* Pods-TestApp.debug.xcconfig */,
				75A2B538D3AC236EE6FA4810 /* Pods-TestApp.release.xcconfig */,
				568F16A3BF90FDFF2B86EEBB /* Pods-TestApp-TestAppUITests.debug.xcconfig */,
				C1F18E60D1BD627128B8B310 /* Pods-TestApp-TestAppUITests.release.xcconfig */,
				DEBB0947424BF104CDAA87C2 /* Pods-TestAppTests.debug.xcconfig */,
				178CCCC303F34A5C7A6B8281 /* Pods-TestAppTests.release.xcconfig */,
				4BF8B02011B89F29CEAD8A33 /* Pods-SampleApp.debug.xcconfig */,
				2762F7D7DD5C742ECAFD29CA /* Pods-SampleApp.release.xcconfig */,
				BDB7D1DB4D593801D6CB15DD /* Pods-SampleApp-SampleAppUITests.debug.xcconfig */,
				0E8F1C87B3CB9C66E84AE847 /* Pods-SampleApp-SampleAppUITests.release.xcconfig */,
				DBC57AD30D6F07A0B6C61B65 /* Pods-SampleAppTests.debug.xcconfig */,
				C64D55422BD480BD7732D893 /* Pods-SampleAppTests.release.xcconfig */,
			);
			path = Pods;
			sourceTree = "<group>";
		};
/* End PBXGroup section */

/* Begin PBXNativeTarget section */
		54C714D9280EA443000E53E0 /* SampleApp */ = {
			isa = PBXNativeTarget;
			buildConfigurationList = 54C71504280EA443000E53E0 /* Build configuration list for PBXNativeTarget "SampleApp" */;
			buildPhases = (
				AB126ECBA7D069AE32997DDA /* [CP] Check Pods Manifest.lock */,
				54C714D6280EA443000E53E0 /* Sources */,
				54C714D7280EA443000E53E0 /* Frameworks */,
				54C714D8280EA443000E53E0 /* Resources */,
				2EB44B7FF6024B110A093410 /* [CP] Embed Pods Frameworks */,
			);
			buildRules = (
			);
			dependencies = (
			);
			name = SampleApp;
			productName = TestApp;
			productReference = 54C714DA280EA443000E53E0 /* SampleApp.app */;
			productType = "com.apple.product-type.application";
		};
		54C714EF280EA443000E53E0 /* SampleAppTests */ = {
			isa = PBXNativeTarget;
			buildConfigurationList = 54C71507280EA443000E53E0 /* Build configuration list for PBXNativeTarget "SampleAppTests" */;
			buildPhases = (
				43D680C926695A24A9A96B3B /* [CP] Check Pods Manifest.lock */,
				54C714EC280EA443000E53E0 /* Sources */,
				54C714ED280EA443000E53E0 /* Frameworks */,
				54C714EE280EA443000E53E0 /* Resources */,
			);
			buildRules = (
			);
			dependencies = (
				54C714F2280EA443000E53E0 /* PBXTargetDependency */,
			);
			name = SampleAppTests;
			productName = TestAppTests;
			productReference = 54C714F0280EA443000E53E0 /* SampleAppTests.xctest */;
			productType = "com.apple.product-type.bundle.unit-test";
		};
		54C714F9280EA443000E53E0 /* SampleAppUITests */ = {
			isa = PBXNativeTarget;
			buildConfigurationList = 54C7150A280EA443000E53E0 /* Build configuration list for PBXNativeTarget "SampleAppUITests" */;
			buildPhases = (
				273DC9C6BDB1E9291DF744AA /* [CP] Check Pods Manifest.lock */,
				54C714F6280EA443000E53E0 /* Sources */,
				54C714F7280EA443000E53E0 /* Frameworks */,
				54C714F8280EA443000E53E0 /* Resources */,
				3E7F748E2469C5F7C8D09727 /* [CP] Embed Pods Frameworks */,
			);
			buildRules = (
			);
			dependencies = (
				54C714FC280EA443000E53E0 /* PBXTargetDependency */,
			);
			name = SampleAppUITests;
			productName = TestAppUITests;
			productReference = 54C714FA280EA443000E53E0 /* SampleAppUITests.xctest */;
			productType = "com.apple.product-type.bundle.ui-testing";
		};
/* End PBXNativeTarget section */

/* Begin PBXProject section */
		54C714D2280EA443000E53E0 /* Project object */ = {
			isa = PBXProject;
			attributes = {
				BuildIndependentTargetsInParallel = 1;
				LastSwiftUpdateCheck = 1330;
				LastUpgradeCheck = 1330;
				TargetAttributes = {
					54C714D9280EA443000E53E0 = {
						CreatedOnToolsVersion = 13.3.1;
					};
					54C714EF280EA443000E53E0 = {
						CreatedOnToolsVersion = 13.3.1;
						TestTargetID = 54C714D9280EA443000E53E0;
					};
					54C714F9280EA443000E53E0 = {
						CreatedOnToolsVersion = 13.3.1;
						TestTargetID = 54C714D9280EA443000E53E0;
					};
				};
			};
			buildConfigurationList = 54C714D5280EA443000E53E0 /* Build configuration list for PBXProject "SampleApp" */;
			compatibilityVersion = "Xcode 13.0";
			developmentRegion = en;
			hasScannedForEncodings = 0;
			knownRegions = (
				en,
				Base,
			);
			mainGroup = 54C714D1280EA443000E53E0;
			productRefGroup = 54C714DB280EA443000E53E0 /* Products */;
			projectDirPath = "";
			projectRoot = "";
			targets = (
				54C714D9280EA443000E53E0 /* SampleApp */,
				54C714EF280EA443000E53E0 /* SampleAppTests */,
				54C714F9280EA443000E53E0 /* SampleAppUITests */,
			);
		};
/* End PBXProject section */

/* Begin PBXResourcesBuildPhase section */
		54C714D8280EA443000E53E0 /* Resources */ = {
			isa = PBXResourcesBuildPhase;
			buildActionMask = 2147483647;
			files = (
				54C714EA280EA443000E53E0 /* LaunchScreen.storyboard in Resources */,
				54C714E7280EA443000E53E0 /* Assets.xcassets in Resources */,
				54C714E5280EA443000E53E0 /* Main.storyboard in Resources */,
			);
			runOnlyForDeploymentPostprocessing = 0;
		};
		54C714EE280EA443000E53E0 /* Resources */ = {
			isa = PBXResourcesBuildPhase;
			buildActionMask = 2147483647;
			files = (
			);
			runOnlyForDeploymentPostprocessing = 0;
		};
		54C714F8280EA443000E53E0 /* Resources */ = {
			isa = PBXResourcesBuildPhase;
			buildActionMask = 2147483647;
			files = (
			);
			runOnlyForDeploymentPostprocessing = 0;
		};
/* End PBXResourcesBuildPhase section */

/* Begin PBXShellScriptBuildPhase section */
		273DC9C6BDB1E9291DF744AA /* [CP] Check Pods Manifest.lock */ = {
			isa = PBXShellScriptBuildPhase;
			buildActionMask = 2147483647;
			files = (
			);
			inputFileListPaths = (
			);
			inputPaths = (
				"${PODS_PODFILE_DIR_PATH}/Podfile.lock",
				"${PODS_ROOT}/Manifest.lock",
			);
			name = "[CP] Check Pods Manifest.lock";
			outputFileListPaths = (
			);
			outputPaths = (
				"$(DERIVED_FILE_DIR)/Pods-SampleApp-SampleAppUITests-checkManifestLockResult.txt",
			);
			runOnlyForDeploymentPostprocessing = 0;
			shellPath = /bin/sh;
			shellScript = "diff \"${PODS_PODFILE_DIR_PATH}/Podfile.lock\" \"${PODS_ROOT}/Manifest.lock\" > /dev/null\nif [ $? != 0 ] ; then\n    # print error to STDERR\n    echo \"error: The sandbox is not in sync with the Podfile.lock. Run 'pod install' or update your CocoaPods installation.\" >&2\n    exit 1\nfi\n# This output is used by Xcode 'outputs' to avoid re-running this script phase.\necho \"SUCCESS\" > \"${SCRIPT_OUTPUT_FILE_0}\"\n";
			showEnvVarsInLog = 0;
		};
		2EB44B7FF6024B110A093410 /* [CP] Embed Pods Frameworks */ = {
			isa = PBXShellScriptBuildPhase;
			buildActionMask = 2147483647;
			files = (
			);
			inputFileListPaths = (
				"${PODS_ROOT}/Target Support Files/Pods-SampleApp/Pods-SampleApp-frameworks-${CONFIGURATION}-input-files.xcfilelist",
			);
			name = "[CP] Embed Pods Frameworks";
			outputFileListPaths = (
				"${PODS_ROOT}/Target Support Files/Pods-SampleApp/Pods-SampleApp-frameworks-${CONFIGURATION}-output-files.xcfilelist",
			);
			runOnlyForDeploymentPostprocessing = 0;
			shellPath = /bin/sh;
			shellScript = "\"${PODS_ROOT}/Target Support Files/Pods-SampleApp/Pods-SampleApp-frameworks.sh\"\n";
			showEnvVarsInLog = 0;
		};
		3E7F748E2469C5F7C8D09727 /* [CP] Embed Pods Frameworks */ = {
			isa = PBXShellScriptBuildPhase;
			buildActionMask = 2147483647;
			files = (
			);
			inputFileListPaths = (
				"${PODS_ROOT}/Target Support Files/Pods-SampleApp-SampleAppUITests/Pods-SampleApp-SampleAppUITests-frameworks-${CONFIGURATION}-input-files.xcfilelist",
			);
			name = "[CP] Embed Pods Frameworks";
			outputFileListPaths = (
				"${PODS_ROOT}/Target Support Files/Pods-SampleApp-SampleAppUITests/Pods-SampleApp-SampleAppUITests-frameworks-${CONFIGURATION}-output-files.xcfilelist",
			);
			runOnlyForDeploymentPostprocessing = 0;
			shellPath = /bin/sh;
			shellScript = "\"${PODS_ROOT}/Target Support Files/Pods-SampleApp-SampleAppUITests/Pods-SampleApp-SampleAppUITests-frameworks.sh\"\n";
			showEnvVarsInLog = 0;
		};
		43D680C926695A24A9A96B3B /* [CP] Check Pods Manifest.lock */ = {
			isa = PBXShellScriptBuildPhase;
			buildActionMask = 2147483647;
			files = (
			);
			inputFileListPaths = (
			);
			inputPaths = (
				"${PODS_PODFILE_DIR_PATH}/Podfile.lock",
				"${PODS_ROOT}/Manifest.lock",
			);
			name = "[CP] Check Pods Manifest.lock";
			outputFileListPaths = (
			);
			outputPaths = (
				"$(DERIVED_FILE_DIR)/Pods-SampleAppTests-checkManifestLockResult.txt",
			);
			runOnlyForDeploymentPostprocessing = 0;
			shellPath = /bin/sh;
			shellScript = "diff \"${PODS_PODFILE_DIR_PATH}/Podfile.lock\" \"${PODS_ROOT}/Manifest.lock\" > /dev/null\nif [ $? != 0 ] ; then\n    # print error to STDERR\n    echo \"error: The sandbox is not in sync with the Podfile.lock. Run 'pod install' or update your CocoaPods installation.\" >&2\n    exit 1\nfi\n# This output is used by Xcode 'outputs' to avoid re-running this script phase.\necho \"SUCCESS\" > \"${SCRIPT_OUTPUT_FILE_0}\"\n";
			showEnvVarsInLog = 0;
		};
		AB126ECBA7D069AE32997DDA /* [CP] Check Pods Manifest.lock */ = {
			isa = PBXShellScriptBuildPhase;
			buildActionMask = 2147483647;
			files = (
			);
			inputFileListPaths = (
			);
			inputPaths = (
				"${PODS_PODFILE_DIR_PATH}/Podfile.lock",
				"${PODS_ROOT}/Manifest.lock",
			);
			name = "[CP] Check Pods Manifest.lock";
			outputFileListPaths = (
			);
			outputPaths = (
				"$(DERIVED_FILE_DIR)/Pods-SampleApp-checkManifestLockResult.txt",
			);
			runOnlyForDeploymentPostprocessing = 0;
			shellPath = /bin/sh;
			shellScript = "diff \"${PODS_PODFILE_DIR_PATH}/Podfile.lock\" \"${PODS_ROOT}/Manifest.lock\" > /dev/null\nif [ $? != 0 ] ; then\n    # print error to STDERR\n    echo \"error: The sandbox is not in sync with the Podfile.lock. Run 'pod install' or update your CocoaPods installation.\" >&2\n    exit 1\nfi\n# This output is used by Xcode 'outputs' to avoid re-running this script phase.\necho \"SUCCESS\" > \"${SCRIPT_OUTPUT_FILE_0}\"\n";
			showEnvVarsInLog = 0;
		};
/* End PBXShellScriptBuildPhase section */

/* Begin PBXSourcesBuildPhase section */
		54C714D6280EA443000E53E0 /* Sources */ = {
			isa = PBXSourcesBuildPhase;
			buildActionMask = 2147483647;
			files = (
				54C714E2280EA443000E53E0 /* ViewController.swift in Sources */,
				546204532828F99500AFF113 /* AdsViewController.swift in Sources */,
				542D086C28E570A500509AB8 /* CollectionViewCell.swift in Sources */,
				54C714DE280EA443000E53E0 /* AppDelegate.swift in Sources */,
				54C714E0280EA443000E53E0 /* SceneDelegate.swift in Sources */,
				54EBB0312834C28200C7B249 /* TableViewViewController.swift in Sources */,
				54EBB0322834C28200C7B249 /* MultipleAdsVC.swift in Sources */,
				542D086E28E570A500509AB8 /* ScrollViewController.swift in Sources */,
				54EBB0332834C28200C7B249 /* ThirtyDayCell.swift in Sources */,
				542D086D28E570A500509AB8 /* CollectionViewViewController.swift in Sources */,
			);
			runOnlyForDeploymentPostprocessing = 0;
		};
		54C714EC280EA443000E53E0 /* Sources */ = {
			isa = PBXSourcesBuildPhase;
			buildActionMask = 2147483647;
			files = (
				54C714F5280EA443000E53E0 /* TestAppTests.swift in Sources */,
			);
			runOnlyForDeploymentPostprocessing = 0;
		};
		54C714F6280EA443000E53E0 /* Sources */ = {
			isa = PBXSourcesBuildPhase;
			buildActionMask = 2147483647;
			files = (
				54C71501280EA443000E53E0 /* TestAppUITestsLaunchTests.swift in Sources */,
				54C714FF280EA443000E53E0 /* TestAppUITests.swift in Sources */,
			);
			runOnlyForDeploymentPostprocessing = 0;
		};
/* End PBXSourcesBuildPhase section */

/* Begin PBXTargetDependency section */
		54C714F2280EA443000E53E0 /* PBXTargetDependency */ = {
			isa = PBXTargetDependency;
			target = 54C714D9280EA443000E53E0 /* SampleApp */;
			targetProxy = 54C714F1280EA443000E53E0 /* PBXContainerItemProxy */;
		};
		54C714FC280EA443000E53E0 /* PBXTargetDependency */ = {
			isa = PBXTargetDependency;
			target = 54C714D9280EA443000E53E0 /* SampleApp */;
			targetProxy = 54C714FB280EA443000E53E0 /* PBXContainerItemProxy */;
		};
/* End PBXTargetDependency section */

/* Begin PBXVariantGroup section */
		54C714E3280EA443000E53E0 /* Main.storyboard */ = {
			isa = PBXVariantGroup;
			children = (
				54C714E4280EA443000E53E0 /* Base */,
			);
			name = Main.storyboard;
			sourceTree = "<group>";
		};
		54C714E8280EA443000E53E0 /* LaunchScreen.storyboard */ = {
			isa = PBXVariantGroup;
			children = (
				54C714E9280EA443000E53E0 /* Base */,
			);
			name = LaunchScreen.storyboard;
			sourceTree = "<group>";
		};
/* End PBXVariantGroup section */

/* Begin XCBuildConfiguration section */
		54C71502280EA443000E53E0 /* Debug */ = {
			isa = XCBuildConfiguration;
			buildSettings = {
				ALWAYS_SEARCH_USER_PATHS = NO;
				CLANG_ANALYZER_NONNULL = YES;
				CLANG_ANALYZER_NUMBER_OBJECT_CONVERSION = YES_AGGRESSIVE;
				CLANG_CXX_LANGUAGE_STANDARD = "gnu++17";
				CLANG_ENABLE_MODULES = YES;
				CLANG_ENABLE_OBJC_ARC = YES;
				CLANG_ENABLE_OBJC_WEAK = YES;
				CLANG_WARN_BLOCK_CAPTURE_AUTORELEASING = YES;
				CLANG_WARN_BOOL_CONVERSION = YES;
				CLANG_WARN_COMMA = YES;
				CLANG_WARN_CONSTANT_CONVERSION = YES;
				CLANG_WARN_DEPRECATED_OBJC_IMPLEMENTATIONS = YES;
				CLANG_WARN_DIRECT_OBJC_ISA_USAGE = YES_ERROR;
				CLANG_WARN_DOCUMENTATION_COMMENTS = YES;
				CLANG_WARN_EMPTY_BODY = YES;
				CLANG_WARN_ENUM_CONVERSION = YES;
				CLANG_WARN_INFINITE_RECURSION = YES;
				CLANG_WARN_INT_CONVERSION = YES;
				CLANG_WARN_NON_LITERAL_NULL_CONVERSION = YES;
				CLANG_WARN_OBJC_IMPLICIT_RETAIN_SELF = YES;
				CLANG_WARN_OBJC_LITERAL_CONVERSION = YES;
				CLANG_WARN_OBJC_ROOT_CLASS = YES_ERROR;
				CLANG_WARN_QUOTED_INCLUDE_IN_FRAMEWORK_HEADER = YES;
				CLANG_WARN_RANGE_LOOP_ANALYSIS = YES;
				CLANG_WARN_STRICT_PROTOTYPES = YES;
				CLANG_WARN_SUSPICIOUS_MOVE = YES;
				CLANG_WARN_UNGUARDED_AVAILABILITY = YES_AGGRESSIVE;
				CLANG_WARN_UNREACHABLE_CODE = YES;
				CLANG_WARN__DUPLICATE_METHOD_MATCH = YES;
				COPY_PHASE_STRIP = NO;
				DEBUG_INFORMATION_FORMAT = dwarf;
				ENABLE_STRICT_OBJC_MSGSEND = YES;
				ENABLE_TESTABILITY = YES;
				GCC_C_LANGUAGE_STANDARD = gnu11;
				GCC_DYNAMIC_NO_PIC = NO;
				GCC_NO_COMMON_BLOCKS = YES;
				GCC_OPTIMIZATION_LEVEL = 0;
				GCC_PREPROCESSOR_DEFINITIONS = (
					"DEBUG=1",
					"$(inherited)",
				);
				GCC_WARN_64_TO_32_BIT_CONVERSION = YES;
				GCC_WARN_ABOUT_RETURN_TYPE = YES_ERROR;
				GCC_WARN_UNDECLARED_SELECTOR = YES;
				GCC_WARN_UNINITIALIZED_AUTOS = YES_AGGRESSIVE;
				GCC_WARN_UNUSED_FUNCTION = YES;
				GCC_WARN_UNUSED_VARIABLE = YES;
				IPHONEOS_DEPLOYMENT_TARGET = 15.4;
				MTL_ENABLE_DEBUG_INFO = INCLUDE_SOURCE;
				MTL_FAST_MATH = YES;
				ONLY_ACTIVE_ARCH = YES;
				SDKROOT = iphoneos;
				SWIFT_ACTIVE_COMPILATION_CONDITIONS = DEBUG;
				SWIFT_OPTIMIZATION_LEVEL = "-Onone";
			};
			name = Debug;
		};
		54C71503280EA443000E53E0 /* Release */ = {
			isa = XCBuildConfiguration;
			buildSettings = {
				ALWAYS_SEARCH_USER_PATHS = NO;
				CLANG_ANALYZER_NONNULL = YES;
				CLANG_ANALYZER_NUMBER_OBJECT_CONVERSION = YES_AGGRESSIVE;
				CLANG_CXX_LANGUAGE_STANDARD = "gnu++17";
				CLANG_ENABLE_MODULES = YES;
				CLANG_ENABLE_OBJC_ARC = YES;
				CLANG_ENABLE_OBJC_WEAK = YES;
				CLANG_WARN_BLOCK_CAPTURE_AUTORELEASING = YES;
				CLANG_WARN_BOOL_CONVERSION = YES;
				CLANG_WARN_COMMA = YES;
				CLANG_WARN_CONSTANT_CONVERSION = YES;
				CLANG_WARN_DEPRECATED_OBJC_IMPLEMENTATIONS = YES;
				CLANG_WARN_DIRECT_OBJC_ISA_USAGE = YES_ERROR;
				CLANG_WARN_DOCUMENTATION_COMMENTS = YES;
				CLANG_WARN_EMPTY_BODY = YES;
				CLANG_WARN_ENUM_CONVERSION = YES;
				CLANG_WARN_INFINITE_RECURSION = YES;
				CLANG_WARN_INT_CONVERSION = YES;
				CLANG_WARN_NON_LITERAL_NULL_CONVERSION = YES;
				CLANG_WARN_OBJC_IMPLICIT_RETAIN_SELF = YES;
				CLANG_WARN_OBJC_LITERAL_CONVERSION = YES;
				CLANG_WARN_OBJC_ROOT_CLASS = YES_ERROR;
				CLANG_WARN_QUOTED_INCLUDE_IN_FRAMEWORK_HEADER = YES;
				CLANG_WARN_RANGE_LOOP_ANALYSIS = YES;
				CLANG_WARN_STRICT_PROTOTYPES = YES;
				CLANG_WARN_SUSPICIOUS_MOVE = YES;
				CLANG_WARN_UNGUARDED_AVAILABILITY = YES_AGGRESSIVE;
				CLANG_WARN_UNREACHABLE_CODE = YES;
				CLANG_WARN__DUPLICATE_METHOD_MATCH = YES;
				COPY_PHASE_STRIP = NO;
				DEBUG_INFORMATION_FORMAT = "dwarf-with-dsym";
				ENABLE_NS_ASSERTIONS = NO;
				ENABLE_STRICT_OBJC_MSGSEND = YES;
				GCC_C_LANGUAGE_STANDARD = gnu11;
				GCC_NO_COMMON_BLOCKS = YES;
				GCC_WARN_64_TO_32_BIT_CONVERSION = YES;
				GCC_WARN_ABOUT_RETURN_TYPE = YES_ERROR;
				GCC_WARN_UNDECLARED_SELECTOR = YES;
				GCC_WARN_UNINITIALIZED_AUTOS = YES_AGGRESSIVE;
				GCC_WARN_UNUSED_FUNCTION = YES;
				GCC_WARN_UNUSED_VARIABLE = YES;
				IPHONEOS_DEPLOYMENT_TARGET = 15.4;
				MTL_ENABLE_DEBUG_INFO = NO;
				MTL_FAST_MATH = YES;
				SDKROOT = iphoneos;
				SWIFT_COMPILATION_MODE = wholemodule;
				SWIFT_OPTIMIZATION_LEVEL = "-O";
				VALIDATE_PRODUCT = YES;
			};
			name = Release;
		};
		54C71505280EA443000E53E0 /* Debug */ = {
			isa = XCBuildConfiguration;
			baseConfigurationReference = 4BF8B02011B89F29CEAD8A33 /* Pods-SampleApp.debug.xcconfig */;
			buildSettings = {
				ARCHS = "$(ARCHS_STANDARD)";
				ASSETCATALOG_COMPILER_APPICON_NAME = AppIcon;
				ASSETCATALOG_COMPILER_GLOBAL_ACCENT_COLOR_NAME = AccentColor;
				CODE_SIGN_IDENTITY = "Apple Development";
				CODE_SIGN_STYLE = Automatic;
				CURRENT_PROJECT_VERSION = 1;
				DEVELOPMENT_TEAM = KS5GD74J24;
				GENERATE_INFOPLIST_FILE = YES;
				INFOPLIST_FILE = SampleApp/Info.plist;
				INFOPLIST_KEY_UIApplicationSupportsIndirectInputEvents = YES;
				INFOPLIST_KEY_UILaunchStoryboardName = LaunchScreen;
				INFOPLIST_KEY_UIMainStoryboardFile = Main;
				INFOPLIST_KEY_UISupportedInterfaceOrientations_iPad = "UIInterfaceOrientationPortrait UIInterfaceOrientationPortraitUpsideDown UIInterfaceOrientationLandscapeLeft UIInterfaceOrientationLandscapeRight";
				INFOPLIST_KEY_UISupportedInterfaceOrientations_iPhone = "UIInterfaceOrientationPortrait UIInterfaceOrientationLandscapeLeft UIInterfaceOrientationLandscapeRight";
				IPHONEOS_DEPLOYMENT_TARGET = 9.0;
				LD_RUNPATH_SEARCH_PATHS = (
					"$(inherited)",
					"@executable_path/Frameworks",
				);
				MARKETING_VERSION = 1.0;
				PRODUCT_BUNDLE_IDENTIFIER = com.doceree.testapp.TestApp;
				PRODUCT_NAME = "$(TARGET_NAME)";
				PROVISIONING_PROFILE_SPECIFIER = "";
				SWIFT_EMIT_LOC_STRINGS = YES;
				SWIFT_VERSION = 5.0;
				TARGETED_DEVICE_FAMILY = "1,2";
			};
			name = Debug;
		};
		54C71506280EA443000E53E0 /* Release */ = {
			isa = XCBuildConfiguration;
			baseConfigurationReference = 2762F7D7DD5C742ECAFD29CA /* Pods-SampleApp.release.xcconfig */;
			buildSettings = {
				ARCHS = "$(ARCHS_STANDARD)";
				ASSETCATALOG_COMPILER_APPICON_NAME = AppIcon;
				ASSETCATALOG_COMPILER_GLOBAL_ACCENT_COLOR_NAME = AccentColor;
				CODE_SIGN_IDENTITY = "Apple Development";
				CODE_SIGN_STYLE = Automatic;
				CURRENT_PROJECT_VERSION = 1;
				DEVELOPMENT_TEAM = KS5GD74J24;
				GENERATE_INFOPLIST_FILE = YES;
				INFOPLIST_FILE = SampleApp/Info.plist;
				INFOPLIST_KEY_UIApplicationSupportsIndirectInputEvents = YES;
				INFOPLIST_KEY_UILaunchStoryboardName = LaunchScreen;
				INFOPLIST_KEY_UIMainStoryboardFile = Main;
				INFOPLIST_KEY_UISupportedInterfaceOrientations_iPad = "UIInterfaceOrientationPortrait UIInterfaceOrientationPortraitUpsideDown UIInterfaceOrientationLandscapeLeft UIInterfaceOrientationLandscapeRight";
				INFOPLIST_KEY_UISupportedInterfaceOrientations_iPhone = "UIInterfaceOrientationPortrait UIInterfaceOrientationLandscapeLeft UIInterfaceOrientationLandscapeRight";
				IPHONEOS_DEPLOYMENT_TARGET = 9.0;
				LD_RUNPATH_SEARCH_PATHS = (
					"$(inherited)",
					"@executable_path/Frameworks",
				);
				MARKETING_VERSION = 1.0;
				PRODUCT_BUNDLE_IDENTIFIER = com.doceree.testapp.TestApp;
				PRODUCT_NAME = "$(TARGET_NAME)";
				PROVISIONING_PROFILE_SPECIFIER = "";
				SWIFT_EMIT_LOC_STRINGS = YES;
				SWIFT_VERSION = 5.0;
				TARGETED_DEVICE_FAMILY = "1,2";
			};
			name = Release;
		};
		54C71508280EA443000E53E0 /* Debug */ = {
			isa = XCBuildConfiguration;
			baseConfigurationReference = DBC57AD30D6F07A0B6C61B65 /* Pods-SampleAppTests.debug.xcconfig */;
			buildSettings = {
				ALWAYS_EMBED_SWIFT_STANDARD_LIBRARIES = YES;
				BUNDLE_LOADER = "$(TEST_HOST)";
				CODE_SIGN_STYLE = Automatic;
				CURRENT_PROJECT_VERSION = 1;
				GENERATE_INFOPLIST_FILE = YES;
				IPHONEOS_DEPLOYMENT_TARGET = 15.4;
				MARKETING_VERSION = 1.0;
				PRODUCT_BUNDLE_IDENTIFIER = com.doceree.testapp.TestAppTests;
				PRODUCT_NAME = "$(TARGET_NAME)";
				SWIFT_EMIT_LOC_STRINGS = NO;
				SWIFT_VERSION = 5.0;
				TARGETED_DEVICE_FAMILY = "1,2";
				TEST_HOST = "$(BUILT_PRODUCTS_DIR)/SampleApp.app/SampleApp";
			};
			name = Debug;
		};
		54C71509280EA443000E53E0 /* Release */ = {
			isa = XCBuildConfiguration;
			baseConfigurationReference = C64D55422BD480BD7732D893 /* Pods-SampleAppTests.release.xcconfig */;
			buildSettings = {
				ALWAYS_EMBED_SWIFT_STANDARD_LIBRARIES = YES;
				BUNDLE_LOADER = "$(TEST_HOST)";
				CODE_SIGN_STYLE = Automatic;
				CURRENT_PROJECT_VERSION = 1;
				GENERATE_INFOPLIST_FILE = YES;
				IPHONEOS_DEPLOYMENT_TARGET = 15.4;
				MARKETING_VERSION = 1.0;
				PRODUCT_BUNDLE_IDENTIFIER = com.doceree.testapp.TestAppTests;
				PRODUCT_NAME = "$(TARGET_NAME)";
				SWIFT_EMIT_LOC_STRINGS = NO;
				SWIFT_VERSION = 5.0;
				TARGETED_DEVICE_FAMILY = "1,2";
				TEST_HOST = "$(BUILT_PRODUCTS_DIR)/SampleApp.app/SampleApp";
			};
			name = Release;
		};
		54C7150B280EA443000E53E0 /* Debug */ = {
			isa = XCBuildConfiguration;
			baseConfigurationReference = BDB7D1DB4D593801D6CB15DD /* Pods-SampleApp-SampleAppUITests.debug.xcconfig */;
			buildSettings = {
				ALWAYS_EMBED_SWIFT_STANDARD_LIBRARIES = YES;
				CODE_SIGN_STYLE = Automatic;
				CURRENT_PROJECT_VERSION = 1;
				GENERATE_INFOPLIST_FILE = YES;
				MARKETING_VERSION = 1.0;
				PRODUCT_BUNDLE_IDENTIFIER = com.doceree.testapp.TestAppUITests;
				PRODUCT_NAME = "$(TARGET_NAME)";
				SWIFT_EMIT_LOC_STRINGS = NO;
				SWIFT_VERSION = 5.0;
				TARGETED_DEVICE_FAMILY = "1,2";
				TEST_TARGET_NAME = TestApp;
			};
			name = Debug;
		};
		54C7150C280EA443000E53E0 /* Release */ = {
			isa = XCBuildConfiguration;
			baseConfigurationReference = 0E8F1C87B3CB9C66E84AE847 /* Pods-SampleApp-SampleAppUITests.release.xcconfig */;
			buildSettings = {
				ALWAYS_EMBED_SWIFT_STANDARD_LIBRARIES = YES;
				CODE_SIGN_STYLE = Automatic;
				CURRENT_PROJECT_VERSION = 1;
				GENERATE_INFOPLIST_FILE = YES;
				MARKETING_VERSION = 1.0;
				PRODUCT_BUNDLE_IDENTIFIER = com.doceree.testapp.TestAppUITests;
				PRODUCT_NAME = "$(TARGET_NAME)";
				SWIFT_EMIT_LOC_STRINGS = NO;
				SWIFT_VERSION = 5.0;
				TARGETED_DEVICE_FAMILY = "1,2";
				TEST_TARGET_NAME = TestApp;
			};
			name = Release;
		};
/* End XCBuildConfiguration section */

/* Begin XCConfigurationList section */
		54C714D5280EA443000E53E0 /* Build configuration list for PBXProject "SampleApp" */ = {
			isa = XCConfigurationList;
			buildConfigurations = (
				54C71502280EA443000E53E0 /* Debug */,
				54C71503280EA443000E53E0 /* Release */,
			);
			defaultConfigurationIsVisible = 0;
			defaultConfigurationName = Release;
		};
		54C71504280EA443000E53E0 /* Build configuration list for PBXNativeTarget "SampleApp" */ = {
			isa = XCConfigurationList;
			buildConfigurations = (
				54C71505280EA443000E53E0 /* Debug */,
				54C71506280EA443000E53E0 /* Release */,
			);
			defaultConfigurationIsVisible = 0;
			defaultConfigurationName = Release;
		};
		54C71507280EA443000E53E0 /* Build configuration list for PBXNativeTarget "SampleAppTests" */ = {
			isa = XCConfigurationList;
			buildConfigurations = (
				54C71508280EA443000E53E0 /* Debug */,
				54C71509280EA443000E53E0 /* Release */,
			);
			defaultConfigurationIsVisible = 0;
			defaultConfigurationName = Release;
		};
		54C7150A280EA443000E53E0 /* Build configuration list for PBXNativeTarget "SampleAppUITests" */ = {
			isa = XCConfigurationList;
			buildConfigurations = (
				54C7150B280EA443000E53E0 /* Debug */,
				54C7150C280EA443000E53E0 /* Release */,
			);
			defaultConfigurationIsVisible = 0;
			defaultConfigurationName = Release;
		};
/* End XCConfigurationList section */
	};
	rootObject = 54C714D2280EA443000E53E0 /* Project object */;
}
